# THIS IS AN AUTOGENERATED FILE. DO NOT EDIT THIS FILE DIRECTLY.
assets/ajax-loader.gif:
  development: 2017-10-24T18:20:37-04:00   deca8b0ecd6974227d157b6d7068995d
assets/footer-background.png:
  development: 2017-11-13T20:43:26-05:00   4b5ff63f495489cbe0eb88a91b5a0b2b
assets/gift-card.scss.liquid:
  development: 2017-10-24T18:20:37-04:00   4013652f514c31ced96536bd134c4bc1
assets/hero_slide_1.jpg:
  development: 2017-10-24T18:20:37-04:00   60c9e4042c6be8f9aaaf0b7099faa402
assets/ico-select.svg.liquid:
  development: 2017-10-24T18:20:37-04:00   9c9cc5a57cc74a0a64c2f62b1370a920
assets/icons.eot:
  development: 2017-10-24T18:20:37-04:00   a35ce5fa0ca84b345effce54fa925def
assets/icons.json:
  development: 2017-10-24T18:20:37-04:00   a209c69dba1ffc16f0f0ecd667220ef2
assets/icons.svg:
  development: 2017-10-24T18:20:37-04:00   8e26f198f3ab934a09b8026804281b5f
assets/icons.ttf:
  development: 2017-10-24T18:20:37-04:00   e2ff49b54e0b2a4ccf04cb6273e5a098
assets/icons.woff:
  development: 2017-10-24T18:20:37-04:00   f5e7497d94de7b0b7efcbd889308e5e4
assets/lazysizes.min.js:
  development: 2017-10-24T18:20:37-04:00   830660aaaf0a60b712ad5c32482ee689
assets/match-media.min.js:
  development: 2017-10-24T18:20:37-04:00   9e431a1a6b7a8c12af2cef5c2a1ce14f
assets/modernizr.min.js:
  development: 2017-10-24T18:20:37-04:00   2e37516b46c9a9e2f46842c42e4b6e03
assets/password-page-background.jpg:
  development: 2017-10-24T18:20:38-04:00   4d5821272f875e5c11dd3a8c8e1d6133
assets/respond-proxy.html:
  development: 2017-10-24T18:20:38-04:00   75002d74a330bff6bf069284da503b4c
assets/respond.min.js:
  development: 2017-10-24T18:20:38-04:00   a2684e9b8fa50d6d11c56a9ada068528
assets/row_image_1.png:
  development: 2017-11-18T18:42:34-05:00   96caccf4e1930363ccbd4d6c933b7e5f
assets/theme.js.liquid:
  development: 2017-11-19T17:18:52-05:00   8f6301e777258869942fc0496dcb4de5
assets/theme.scss.liquid:
  development: 2017-11-20T20:51:36-05:00   f08ec2dcb20a1657cd143b17940c77d2
assets/timber.scss.liquid:
  development: 2017-10-24T18:20:38-04:00   0e193a26c1c1d44e7e2205c6c1e51ee2
config/settings_data.json:
  development: 2017-11-19T16:03:33-05:00   944c9075c02e6701947d450c30a4006e
config/settings_schema.json:
  development: 2017-10-24T18:20:38-04:00   0ce96641039702636ecc5c55f715d31d
layout/password.liquid:
  development: 2017-10-24T18:20:39-04:00   9b89c14723c926030fcbfc57bb72fc52
layout/theme.liquid:
  development: 2017-11-19T17:38:50-05:00   3dec1d95484f6d6b27d342713a5219c3
locales/de.json:
  development: 2017-10-24T18:20:41-04:00   0f341ef7af2a070a1164765daf4c9387
locales/en.default.json:
  development: 2017-10-24T18:20:41-04:00   dfe6da93748996f4639b1ed955133ddd
locales/es.json:
  development: 2017-10-24T18:20:41-04:00   3f8a850abb0a0904f201a3bb0ec4725f
locales/fr.json:
  development: 2017-10-24T18:20:41-04:00   bf253886adbeeedfc875e91398820038
locales/ja.json:
  development: 2017-10-24T18:20:41-04:00   a61479b6a667a552e56a6ce823bfe5d9
locales/pt-BR.json:
  development: 2017-10-24T18:20:41-04:00   1110dbb236dd95e2c6bd8d3292ef81b7
locales/pt-PT.json:
  development: 2017-10-24T18:20:41-04:00   35626f160d3299d10a5c093246f28ca5
sections/about-featured-content.liquid:
  development: 2017-11-18T18:15:32-05:00   ad5cd4e140fb555f87a6e2e008173d91
sections/advanced-content.liquid:
  development: 2017-10-24T18:20:35-04:00   4b45d54b982eb78ae6b807f7a0e3c2d8
sections/article-template.liquid:
  development: 2017-10-24T18:20:35-04:00   24b2ca76ee638a9fa807fdea8811ed13
sections/collection-image-template.liquid:
  development: 2017-10-24T18:20:35-04:00   b91a956f52837a6e689a5b5743a52133
sections/collection-template.liquid:
  development: 2017-10-24T18:20:35-04:00   171d83eda7246bb7e86953ea028b8676
sections/contact-featured-content.liquid:
  development: 2017-11-19T16:52:14-05:00   50055213b51f3dc75b182a66a477d42a
sections/drawer-menu.liquid:
  development: 2017-10-24T18:20:35-04:00   2b52f6998accce9ada8ea6a8702a82a6
sections/featured-blog.liquid:
  development: 2017-10-24T18:20:35-04:00   1a2012bf33075d643f02fdbc76d74473
sections/featured-collections.liquid:
  development: 2017-10-24T18:20:35-04:00   a9522b514680ee104f88c85901f047a7
sections/featured-content.liquid:
  development: 2017-10-24T18:20:35-04:00   4c26b9b1add93a244b464eb062764c68
sections/featured-product.liquid:
  development: 2017-10-24T18:20:35-04:00   90a8144ef37023a7f7e61740c6311af1
sections/featured-products.liquid:
  development: 2017-10-24T18:20:36-04:00   9fec56b1671133e9f6a01dec0b062ede
sections/featured-row.liquid:
  development: 2017-11-13T18:48:48-05:00   938cdab2ecac2e97e7d6a18ff2e184f5
sections/featured-video.liquid:
  development: 2017-11-15T19:54:23-05:00   21a6a758887c233f4b2ca573ca8744c2
sections/footer.liquid:
  development: 2017-11-13T20:58:53-05:00   a3eb813a6a9b7883ad152b0eb00554f4
sections/header-image-background-about.liquid:
  development: 2017-11-18T18:01:46-05:00   0793bccc682e02583fdc51702a85e763
sections/header-image-background-bbs.liquid:
  development: 2017-11-18T15:58:22-05:00   5000b19423d29855e2af53d16a62a6a6
sections/header-image-background-hh.liquid:
  development: 2017-11-18T15:59:06-05:00   e350c3da3afa2074a29134c664904376
sections/header-image-background-merch.liquid:
  development: 2017-11-20T21:29:03-05:00   cd2bb3b0df2db3a50faba7d78701a6b4
sections/header.liquid:
  development: 2017-11-13T18:18:46-05:00   e304ae9d89b466ee72d4a2087597f834
sections/image-row.liquid:
  development: 2017-11-18T18:45:10-05:00   2e0c8f14cf55c1646cbea10ad15c0b16
sections/list-collections-template.liquid:
  development: 2017-10-24T18:20:36-04:00   cc519f30f6bced273d6c82201bb79c40
sections/map.liquid:
  development: 2017-10-24T18:20:36-04:00   ac33dc6663926e2ecbe35fe0ce4ddf14
sections/newsletter.liquid:
  development: 2017-10-24T18:20:36-04:00   6a0073297f0554078ebaa42b26c29308
sections/password-content.liquid:
  development: 2017-10-24T18:20:36-04:00   5a0b4a0de6cdf4b38a7ed16692f52c92
sections/password-header.liquid:
  development: 2017-10-24T18:20:36-04:00   5a5416be7d0234eb7a193645a5232357
sections/product-template.liquid:
  development: 2017-11-20T18:57:47-05:00   4c819e7036f88eabf0715aac76f891fe
sections/slideshow.liquid:
  development: 2017-10-24T18:20:36-04:00   51365f23e85456a41f9c809352c917a5
snippets/ajax-cart-template.liquid:
  development: 2017-11-20T20:07:54-05:00   b1eeb377c3570c788acf8cf47c664f5c
snippets/bgset.liquid:
  development: 2017-10-24T18:20:39-04:00   33148dfd129ac7339b20fa9792a6bf85
snippets/charge-rabbit.no-membership.liquid:
  development: 2017-10-25T08:33:32-04:00   f6d75328aee8efce2a454de76ec12c60
snippets/collection-grid-collage.liquid:
  development: 2017-10-24T18:20:39-04:00   bba8796945ca96e0d0518d046f15d4ce
snippets/collection-grid-item.liquid:
  development: 2017-10-24T18:20:39-04:00   ee5beb448997d2a0c6aea228afd4ca9e
snippets/collection-header.liquid:
  development: 2017-11-18T15:24:42-05:00   b2e57bb1ec87116adf0995bec382a39f
snippets/collection-template.liquid:
  development: 2017-11-18T15:35:27-05:00   833466a58dbc6f60e54836c1f75873f2
snippets/comment.liquid:
  development: 2017-10-24T18:20:39-04:00   490bf7370ece4d0217f9c229aefd5880
snippets/featured-blog.liquid:
  development: 2017-10-24T18:20:39-04:00   298bd007615e3e42f16df1538b6283d6
snippets/google-fonts.liquid:
  development: 2017-10-24T18:20:39-04:00   8e40cfa27425f9a5b955b747e1edee96
snippets/image-style.liquid:
  development: 2017-10-24T18:20:39-04:00   8c50291b1de61b727b4dd13143797229
snippets/oldIE-js.liquid:
  development: 2017-10-24T18:20:39-04:00   daf28c8834122dcaf976369fdf48323a
snippets/onboarding-featured-blog.liquid:
  development: 2017-10-24T18:20:39-04:00   d7ff9e7771b64f55e84ad9b1e9dd4b8f
snippets/onboarding-featured-collections.liquid:
  development: 2017-10-24T18:20:39-04:00   2feedbf8631dfc0d5fb6e251d52582d4
snippets/onboarding-featured-products.liquid:
  development: 2017-10-24T18:20:39-04:00   4f249e3a12c79ae3aa47d3974fccd84c
snippets/pagination.liquid:
  development: 2017-10-24T18:20:39-04:00   70ed134ed90fed5e45b2ac2b938d8f35
snippets/product-grid-collage.liquid:
  development: 2017-10-24T18:20:39-04:00   4abdc9f608a23b5c0ab9d2581e08a060
snippets/product-grid-item.liquid:
  development: 2017-11-18T13:48:41-05:00   c3a9d2dbac7936db0a381049ce52779f
snippets/respond.liquid:
  development: 2017-10-24T18:20:39-04:00   ca6abf0635dc2ad8c6bd377f83c79f6b
snippets/search-bar.liquid:
  development: 2017-10-24T18:20:40-04:00   09c97d1e453c835a8a5568a70d690883
snippets/social-meta-tags.liquid:
  development: 2017-10-24T18:20:40-04:00   0a012eb5113b6a710e09fe77babe8030
snippets/social-sharing.liquid:
  development: 2017-11-20T19:00:41-05:00   da569c9c775c167c21e9bb99376524c3
snippets/svg-definitions.liquid:
  development: 2017-10-24T18:20:40-04:00   fe4fbc64d534e355fd8653de4ebac79a
snippets/tags-article.liquid:
  development: 2017-10-24T18:20:40-04:00   e7976dc4c68590a9f1ee7276f99559ac
templates/404.liquid:
  development: 2017-10-24T18:20:40-04:00   f1181b55ee89b4ad79ae81d244761cd2
templates/article.liquid:
  development: 2017-10-24T18:20:40-04:00   9763e9f309642903282720d29b422aaf
templates/blog.liquid:
  development: 2017-10-24T18:20:40-04:00   61610ee5c1452e884bc13688553d2a32
templates/cart.liquid:
  development: 2017-11-20T20:06:16-05:00   efcf7593a46e6f95cc2ccf55356e5784
templates/collection.image.liquid:
  development: 2017-10-24T18:20:40-04:00   cd9a9b1849d65ca4311d6f793008812f
templates/collection.liquid:
  development: 2017-11-20T21:30:01-05:00   a84a56fb08b22a97f7454f04085be69b
templates/customers/account.liquid:
  development: 2017-10-24T18:20:40-04:00   6169bc13701d2a2f4cbe9735b86ab10c
templates/customers/activate_account.liquid:
  development: 2017-10-24T18:20:41-04:00   a569b8be750f47edddc82ffc62b847ac
templates/customers/addresses.liquid:
  development: 2017-10-24T18:20:41-04:00   839b36f77b40b0fa025bb6655f1ff583
templates/customers/login.liquid:
  development: 2017-10-24T18:20:41-04:00   5fea701d036da687b6b1f1e28babb7bc
templates/customers/order.liquid:
  development: 2017-10-24T18:20:41-04:00   b836ee1cb4045e777025f75abf719574
templates/customers/register.liquid:
  development: 2017-10-24T18:20:41-04:00   3205d912f62cb0f866d974d5f2e22b37
templates/customers/reset_password.liquid:
  development: 2017-10-24T18:20:41-04:00   bd78871a9d2e373575659c6f9f68aa9b
templates/gift_card.liquid:
  development: 2017-10-24T18:20:40-04:00   e1a7ff0eff7d6dcc55dedda51a1686cc
templates/index.liquid:
  development: 2017-11-15T19:59:15-05:00   7ab24a9c0a98e8212cda5707fd8690e7
templates/list-collections.liquid:
  development: 2017-10-24T18:20:40-04:00   eabed71f62563b929b8da83a4aeacbfb
templates/page.about.liquid:
  development: 2017-11-18T18:22:46-05:00   d5b9c3066542e738e19dbe3c1928d67a
templates/page.contact.liquid:
  development: 2017-11-19T15:50:06-05:00   1b9dad17529c07a0d52da8fb588370c7
templates/page.full-width.liquid:
  development: 2017-10-24T18:20:40-04:00   f21db2cc6691ac1165c7a07ff8bc11cb
templates/page.liquid:
  development: 2017-10-24T18:20:40-04:00   3c1c3fb627419cc73d4cd19b32898d5e
templates/password.liquid:
  development: 2017-10-24T18:20:40-04:00   27c20529a5fa11780bc067f4f5c7cc9d
templates/product.charge-rabbit.liquid:
  development: 2017-11-20T20:45:07-05:00   0191d56460843859cd3b485adea533f6
templates/product.liquid:
  development: 2017-10-24T18:20:40-04:00   0333f9f54411b4b9b90936d11d7c167e
templates/search.liquid:
  development: 2017-10-24T18:20:40-04:00   5b5ec843550466c7a2c965e0b1c8dbc0
